// !$*UTF8*$!
{
	archiveVersion = 1;
	classes = {
	};
	objectVersion = 51;
	objects = {

/* Begin PBXBuildFile section */
		098728FBD1351E33B8FFA261 /* Pods_CourtFinderTests.framework in Frameworks */ = {isa = PBXBuildFile; fileRef = 5D667A277B6EB1F5A1C206B6 /* Pods_CourtFinderTests.framework */; };
		1DEF4A24B1CA0861A5A76D60 /* Pods_CourtFinder.framework in Frameworks */ = {isa = PBXBuildFile; fileRef = 5B7FA35AA86CE0F27B0C58E4 /* Pods_CourtFinder.framework */; };
		791EB27E26A2350A00344C20 /* CourtDetailViewController.m in Sources */ = {isa = PBXBuildFile; fileRef = 791EB27D26A2350A00344C20 /* CourtDetailViewController.m */; };
		793F7D7726B4563C000998EC /* Keys.plist in Resources */ = {isa = PBXBuildFile; fileRef = 793F7D7626B4563C000998EC /* Keys.plist */; };
		794F7190269CBB8700529339 /* AppDelegate.m in Sources */ = {isa = PBXBuildFile; fileRef = 794F718F269CBB8700529339 /* AppDelegate.m */; };
		794F7193269CBB8700529339 /* SceneDelegate.m in Sources */ = {isa = PBXBuildFile; fileRef = 794F7192269CBB8700529339 /* SceneDelegate.m */; };
		794F7196269CBB8700529339 /* ViewController.m in Sources */ = {isa = PBXBuildFile; fileRef = 794F7195269CBB8700529339 /* ViewController.m */; };
		794F7199269CBB8700529339 /* Main.storyboard in Resources */ = {isa = PBXBuildFile; fileRef = 794F7197269CBB8700529339 /* Main.storyboard */; };
		794F719B269CBB8800529339 /* Assets.xcassets in Resources */ = {isa = PBXBuildFile; fileRef = 794F719A269CBB8800529339 /* Assets.xcassets */; };
		794F719E269CBB8800529339 /* LaunchScreen.storyboard in Resources */ = {isa = PBXBuildFile; fileRef = 794F719C269CBB8800529339 /* LaunchScreen.storyboard */; };
		794F71A1269CBB8800529339 /* main.m in Sources */ = {isa = PBXBuildFile; fileRef = 794F71A0269CBB8800529339 /* main.m */; };
		794F71AB269CBB8800529339 /* CourtFinderTests.m in Sources */ = {isa = PBXBuildFile; fileRef = 794F71AA269CBB8800529339 /* CourtFinderTests.m */; };
		794F71B6269CBB8800529339 /* CourtFinderUITests.m in Sources */ = {isa = PBXBuildFile; fileRef = 794F71B5269CBB8800529339 /* CourtFinderUITests.m */; };
		7955AB7126BB458E0077684D /* HighlightCell.m in Sources */ = {isa = PBXBuildFile; fileRef = 7955AB7026BB458E0077684D /* HighlightCell.m */; };
		79721CA726B9E4890092A63B /* Highlight.m in Sources */ = {isa = PBXBuildFile; fileRef = 79721CA626B9E4890092A63B /* Highlight.m */; };
		7977F01326B34C8300930037 /* lottie-baseketball.json in Resources */ = {isa = PBXBuildFile; fileRef = 7977F01226B34C8300930037 /* lottie-baseketball.json */; };
		7986493026A611B10047D60E /* Formatter.m in Sources */ = {isa = PBXBuildFile; fileRef = 7986492F26A611B10047D60E /* Formatter.m */; };
		7986493326A742BE0047D60E /* FullScreenImagesViewController.m in Sources */ = {isa = PBXBuildFile; fileRef = 7986493226A742BE0047D60E /* FullScreenImagesViewController.m */; };
		7986493B26A9A9A30047D60E /* CourtUsersUpdates.m in Sources */ = {isa = PBXBuildFile; fileRef = 7986493A26A9A9A30047D60E /* CourtUsersUpdates.m */; };
		79B6773526BADC690042931B /* MobileCoreServices.framework in Frameworks */ = {isa = PBXBuildFile; fileRef = 79F9209326B9D09200F34327 /* MobileCoreServices.framework */; };
		79B6773826BADE4D0042931B /* AVKit.framework in Frameworks */ = {isa = PBXBuildFile; fileRef = 79B6773726BADE4D0042931B /* AVKit.framework */; };
		79CF8D7126B0B745002DDD9C /* OptIn.m in Sources */ = {isa = PBXBuildFile; fileRef = 79CF8D7026B0B745002DDD9C /* OptIn.m */; };
		79F77864269CC40A000814E4 /* LoginViewController.m in Sources */ = {isa = PBXBuildFile; fileRef = 79F77863269CC40A000814E4 /* LoginViewController.m */; };
		79F77867269CC418000814E4 /* SignUpViewController.m in Sources */ = {isa = PBXBuildFile; fileRef = 79F77866269CC418000814E4 /* SignUpViewController.m */; };
		79F7786D269CDF29000814E4 /* Alert.m in Sources */ = {isa = PBXBuildFile; fileRef = 79F7786C269CDF29000814E4 /* Alert.m */; };
		79F77870269D0D58000814E4 /* CourtsViewController.m in Sources */ = {isa = PBXBuildFile; fileRef = 79F7786F269D0D58000814E4 /* CourtsViewController.m */; };
		79F77873269DE71F000814E4 /* SettingsScreenViewController.m in Sources */ = {isa = PBXBuildFile; fileRef = 79F77872269DE71F000814E4 /* SettingsScreenViewController.m */; };
		79F77876269DF061000814E4 /* CourtCell.m in Sources */ = {isa = PBXBuildFile; fileRef = 79F77875269DF061000814E4 /* CourtCell.m */; };
		79F77879269E14FF000814E4 /* Court.m in Sources */ = {isa = PBXBuildFile; fileRef = 79F77878269E14FF000814E4 /* Court.m */; };
		79F7787E269E2EFE000814E4 /* GoogleMapsAPI.m in Sources */ = {isa = PBXBuildFile; fileRef = 79F7787D269E2EFE000814E4 /* GoogleMapsAPI.m */; };
		79F9209226B9CE7900F34327 /* HighlightsViewController.m in Sources */ = {isa = PBXBuildFile; fileRef = 79F9209126B9CE7900F34327 /* HighlightsViewController.m */; };
		B90D590D03219CCEFAEF5BEF /* Pods_CourtFinder_CourtFinderUITests.framework in Frameworks */ = {isa = PBXBuildFile; fileRef = 398DBE597A37800C84D92D94 /* Pods_CourtFinder_CourtFinderUITests.framework */; };
/* End PBXBuildFile section */

/* Begin PBXContainerItemProxy section */
		794F71A7269CBB8800529339 /* PBXContainerItemProxy */ = {
			isa = PBXContainerItemProxy;
			containerPortal = 794F7183269CBB8700529339 /* Project object */;
			proxyType = 1;
			remoteGlobalIDString = 794F718A269CBB8700529339;
			remoteInfo = CourtFinder;
		};
		794F71B2269CBB8800529339 /* PBXContainerItemProxy */ = {
			isa = PBXContainerItemProxy;
			containerPortal = 794F7183269CBB8700529339 /* Project object */;
			proxyType = 1;
			remoteGlobalIDString = 794F718A269CBB8700529339;
			remoteInfo = CourtFinder;
		};
/* End PBXContainerItemProxy section */

/* Begin PBXFileReference section */
		0B6F5D02A243425DC8FAEF5A /* Pods-CourtFinder-CourtFinderUITests.debug.xcconfig */ = {isa = PBXFileReference; includeInIndex = 1; lastKnownFileType = text.xcconfig; name = "Pods-CourtFinder-CourtFinderUITests.debug.xcconfig"; path = "Target Support Files/Pods-CourtFinder-CourtFinderUITests/Pods-CourtFinder-CourtFinderUITests.debug.xcconfig"; sourceTree = "<group>"; };
		203746D3BAF27C345CEB0D6A /* Pods-CourtFinderTests.release.xcconfig */ = {isa = PBXFileReference; includeInIndex = 1; lastKnownFileType = text.xcconfig; name = "Pods-CourtFinderTests.release.xcconfig"; path = "Target Support Files/Pods-CourtFinderTests/Pods-CourtFinderTests.release.xcconfig"; sourceTree = "<group>"; };
		398DBE597A37800C84D92D94 /* Pods_CourtFinder_CourtFinderUITests.framework */ = {isa = PBXFileReference; explicitFileType = wrapper.framework; includeInIndex = 0; path = Pods_CourtFinder_CourtFinderUITests.framework; sourceTree = BUILT_PRODUCTS_DIR; };
		50F90708AFEC24C9279329DE /* Pods-CourtFinderTests.debug.xcconfig */ = {isa = PBXFileReference; includeInIndex = 1; lastKnownFileType = text.xcconfig; name = "Pods-CourtFinderTests.debug.xcconfig"; path = "Target Support Files/Pods-CourtFinderTests/Pods-CourtFinderTests.debug.xcconfig"; sourceTree = "<group>"; };
		5B7FA35AA86CE0F27B0C58E4 /* Pods_CourtFinder.framework */ = {isa = PBXFileReference; explicitFileType = wrapper.framework; includeInIndex = 0; path = Pods_CourtFinder.framework; sourceTree = BUILT_PRODUCTS_DIR; };
		5D667A277B6EB1F5A1C206B6 /* Pods_CourtFinderTests.framework */ = {isa = PBXFileReference; explicitFileType = wrapper.framework; includeInIndex = 0; path = Pods_CourtFinderTests.framework; sourceTree = BUILT_PRODUCTS_DIR; };
		791EB27C26A2350A00344C20 /* CourtDetailViewController.h */ = {isa = PBXFileReference; lastKnownFileType = sourcecode.c.h; path = CourtDetailViewController.h; sourceTree = "<group>"; };
		791EB27D26A2350A00344C20 /* CourtDetailViewController.m */ = {isa = PBXFileReference; lastKnownFileType = sourcecode.c.objc; path = CourtDetailViewController.m; sourceTree = "<group>"; };
		793F7D7626B4563C000998EC /* Keys.plist */ = {isa = PBXFileReference; lastKnownFileType = text.plist.xml; path = Keys.plist; sourceTree = "<group>"; };
		794F718B269CBB8700529339 /* CourtFinder.app */ = {isa = PBXFileReference; explicitFileType = wrapper.application; includeInIndex = 0; path = CourtFinder.app; sourceTree = BUILT_PRODUCTS_DIR; };
		794F718E269CBB8700529339 /* AppDelegate.h */ = {isa = PBXFileReference; lastKnownFileType = sourcecode.c.h; path = AppDelegate.h; sourceTree = "<group>"; };
		794F718F269CBB8700529339 /* AppDelegate.m */ = {isa = PBXFileReference; lastKnownFileType = sourcecode.c.objc; path = AppDelegate.m; sourceTree = "<group>"; };
		794F7191269CBB8700529339 /* SceneDelegate.h */ = {isa = PBXFileReference; lastKnownFileType = sourcecode.c.h; path = SceneDelegate.h; sourceTree = "<group>"; };
		794F7192269CBB8700529339 /* SceneDelegate.m */ = {isa = PBXFileReference; lastKnownFileType = sourcecode.c.objc; path = SceneDelegate.m; sourceTree = "<group>"; };
		794F7194269CBB8700529339 /* ViewController.h */ = {isa = PBXFileReference; lastKnownFileType = sourcecode.c.h; path = ViewController.h; sourceTree = "<group>"; };
		794F7195269CBB8700529339 /* ViewController.m */ = {isa = PBXFileReference; lastKnownFileType = sourcecode.c.objc; path = ViewController.m; sourceTree = "<group>"; };
		794F7198269CBB8700529339 /* Base */ = {isa = PBXFileReference; lastKnownFileType = file.storyboard; name = Base; path = Base.lproj/Main.storyboard; sourceTree = "<group>"; };
		794F719A269CBB8800529339 /* Assets.xcassets */ = {isa = PBXFileReference; lastKnownFileType = folder.assetcatalog; path = Assets.xcassets; sourceTree = "<group>"; };
		794F719D269CBB8800529339 /* Base */ = {isa = PBXFileReference; lastKnownFileType = file.storyboard; name = Base; path = Base.lproj/LaunchScreen.storyboard; sourceTree = "<group>"; };
		794F719F269CBB8800529339 /* Info.plist */ = {isa = PBXFileReference; lastKnownFileType = text.plist.xml; path = Info.plist; sourceTree = "<group>"; };
		794F71A0269CBB8800529339 /* main.m */ = {isa = PBXFileReference; lastKnownFileType = sourcecode.c.objc; path = main.m; sourceTree = "<group>"; };
		794F71A6269CBB8800529339 /* CourtFinderTests.xctest */ = {isa = PBXFileReference; explicitFileType = wrapper.cfbundle; includeInIndex = 0; path = CourtFinderTests.xctest; sourceTree = BUILT_PRODUCTS_DIR; };
		794F71AA269CBB8800529339 /* CourtFinderTests.m */ = {isa = PBXFileReference; lastKnownFileType = sourcecode.c.objc; path = CourtFinderTests.m; sourceTree = "<group>"; };
		794F71AC269CBB8800529339 /* Info.plist */ = {isa = PBXFileReference; lastKnownFileType = text.plist.xml; path = Info.plist; sourceTree = "<group>"; };
		794F71B1269CBB8800529339 /* CourtFinderUITests.xctest */ = {isa = PBXFileReference; explicitFileType = wrapper.cfbundle; includeInIndex = 0; path = CourtFinderUITests.xctest; sourceTree = BUILT_PRODUCTS_DIR; };
		794F71B5269CBB8800529339 /* CourtFinderUITests.m */ = {isa = PBXFileReference; lastKnownFileType = sourcecode.c.objc; path = CourtFinderUITests.m; sourceTree = "<group>"; };
		794F71B7269CBB8800529339 /* Info.plist */ = {isa = PBXFileReference; lastKnownFileType = text.plist.xml; path = Info.plist; sourceTree = "<group>"; };
		7955AB6F26BB458E0077684D /* HighlightCell.h */ = {isa = PBXFileReference; lastKnownFileType = sourcecode.c.h; path = HighlightCell.h; sourceTree = "<group>"; };
		7955AB7026BB458E0077684D /* HighlightCell.m */ = {isa = PBXFileReference; lastKnownFileType = sourcecode.c.objc; path = HighlightCell.m; sourceTree = "<group>"; };
		79721CA526B9E4890092A63B /* Highlight.h */ = {isa = PBXFileReference; lastKnownFileType = sourcecode.c.h; path = Highlight.h; sourceTree = "<group>"; };
		79721CA626B9E4890092A63B /* Highlight.m */ = {isa = PBXFileReference; lastKnownFileType = sourcecode.c.objc; path = Highlight.m; sourceTree = "<group>"; };
		7977F01226B34C8300930037 /* lottie-baseketball.json */ = {isa = PBXFileReference; fileEncoding = 4; lastKnownFileType = text.json; path = "lottie-baseketball.json"; sourceTree = "<group>"; };
		7986492E26A611B10047D60E /* Formatter.h */ = {isa = PBXFileReference; lastKnownFileType = sourcecode.c.h; path = Formatter.h; sourceTree = "<group>"; };
		7986492F26A611B10047D60E /* Formatter.m */ = {isa = PBXFileReference; lastKnownFileType = sourcecode.c.objc; path = Formatter.m; sourceTree = "<group>"; };
		7986493126A742BE0047D60E /* FullScreenImagesViewController.h */ = {isa = PBXFileReference; lastKnownFileType = sourcecode.c.h; path = FullScreenImagesViewController.h; sourceTree = "<group>"; };
		7986493226A742BE0047D60E /* FullScreenImagesViewController.m */ = {isa = PBXFileReference; lastKnownFileType = sourcecode.c.objc; path = FullScreenImagesViewController.m; sourceTree = "<group>"; };
		7986493926A9A9A30047D60E /* CourtUsersUpdates.h */ = {isa = PBXFileReference; lastKnownFileType = sourcecode.c.h; path = CourtUsersUpdates.h; sourceTree = "<group>"; };
		7986493A26A9A9A30047D60E /* CourtUsersUpdates.m */ = {isa = PBXFileReference; lastKnownFileType = sourcecode.c.objc; path = CourtUsersUpdates.m; sourceTree = "<group>"; };
		79B6773326BADB600042931B /* MediaPlayer.framework */ = {isa = PBXFileReference; lastKnownFileType = wrapper.framework; name = MediaPlayer.framework; path = System/Library/Frameworks/MediaPlayer.framework; sourceTree = SDKROOT; };
		79B6773726BADE4D0042931B /* AVKit.framework */ = {isa = PBXFileReference; lastKnownFileType = wrapper.framework; name = AVKit.framework; path = System/Library/Frameworks/AVKit.framework; sourceTree = SDKROOT; };
		79CF8D6F26B0B745002DDD9C /* OptIn.h */ = {isa = PBXFileReference; lastKnownFileType = sourcecode.c.h; path = OptIn.h; sourceTree = "<group>"; };
		79CF8D7026B0B745002DDD9C /* OptIn.m */ = {isa = PBXFileReference; lastKnownFileType = sourcecode.c.objc; path = OptIn.m; sourceTree = "<group>"; };
		79F77862269CC40A000814E4 /* LoginViewController.h */ = {isa = PBXFileReference; lastKnownFileType = sourcecode.c.h; path = LoginViewController.h; sourceTree = "<group>"; };
		79F77863269CC40A000814E4 /* LoginViewController.m */ = {isa = PBXFileReference; lastKnownFileType = sourcecode.c.objc; path = LoginViewController.m; sourceTree = "<group>"; };
		79F77865269CC418000814E4 /* SignUpViewController.h */ = {isa = PBXFileReference; lastKnownFileType = sourcecode.c.h; path = SignUpViewController.h; sourceTree = "<group>"; };
		79F77866269CC418000814E4 /* SignUpViewController.m */ = {isa = PBXFileReference; lastKnownFileType = sourcecode.c.objc; path = SignUpViewController.m; sourceTree = "<group>"; };
		79F7786B269CDF29000814E4 /* Alert.h */ = {isa = PBXFileReference; lastKnownFileType = sourcecode.c.h; path = Alert.h; sourceTree = "<group>"; };
		79F7786C269CDF29000814E4 /* Alert.m */ = {isa = PBXFileReference; lastKnownFileType = sourcecode.c.objc; path = Alert.m; sourceTree = "<group>"; };
		79F7786E269D0D58000814E4 /* CourtsViewController.h */ = {isa = PBXFileReference; lastKnownFileType = sourcecode.c.h; path = CourtsViewController.h; sourceTree = "<group>"; };
		79F7786F269D0D58000814E4 /* CourtsViewController.m */ = {isa = PBXFileReference; lastKnownFileType = sourcecode.c.objc; path = CourtsViewController.m; sourceTree = "<group>"; };
		79F77871269DE71F000814E4 /* SettingsScreenViewController.h */ = {isa = PBXFileReference; lastKnownFileType = sourcecode.c.h; path = SettingsScreenViewController.h; sourceTree = "<group>"; };
		79F77872269DE71F000814E4 /* SettingsScreenViewController.m */ = {isa = PBXFileReference; lastKnownFileType = sourcecode.c.objc; path = SettingsScreenViewController.m; sourceTree = "<group>"; };
		79F77874269DF061000814E4 /* CourtCell.h */ = {isa = PBXFileReference; lastKnownFileType = sourcecode.c.h; path = CourtCell.h; sourceTree = "<group>"; };
		79F77875269DF061000814E4 /* CourtCell.m */ = {isa = PBXFileReference; lastKnownFileType = sourcecode.c.objc; path = CourtCell.m; sourceTree = "<group>"; };
		79F77877269E14FF000814E4 /* Court.h */ = {isa = PBXFileReference; lastKnownFileType = sourcecode.c.h; path = Court.h; sourceTree = "<group>"; };
		79F77878269E14FF000814E4 /* Court.m */ = {isa = PBXFileReference; lastKnownFileType = sourcecode.c.objc; path = Court.m; sourceTree = "<group>"; };
		79F7787C269E2EFE000814E4 /* GoogleMapsAPI.h */ = {isa = PBXFileReference; lastKnownFileType = sourcecode.c.h; path = GoogleMapsAPI.h; sourceTree = "<group>"; };
		79F7787D269E2EFE000814E4 /* GoogleMapsAPI.m */ = {isa = PBXFileReference; lastKnownFileType = sourcecode.c.objc; path = GoogleMapsAPI.m; sourceTree = "<group>"; };
		79F9209026B9CE7900F34327 /* HighlightsViewController.h */ = {isa = PBXFileReference; lastKnownFileType = sourcecode.c.h; path = HighlightsViewController.h; sourceTree = "<group>"; };
		79F9209126B9CE7900F34327 /* HighlightsViewController.m */ = {isa = PBXFileReference; lastKnownFileType = sourcecode.c.objc; path = HighlightsViewController.m; sourceTree = "<group>"; };
		79F9209326B9D09200F34327 /* MobileCoreServices.framework */ = {isa = PBXFileReference; lastKnownFileType = wrapper.framework; name = MobileCoreServices.framework; path = System/Library/Frameworks/MobileCoreServices.framework; sourceTree = SDKROOT; };
		A1A88E80A9C537756766ABE0 /* Pods-CourtFinder-CourtFinderUITests.release.xcconfig */ = {isa = PBXFileReference; includeInIndex = 1; lastKnownFileType = text.xcconfig; name = "Pods-CourtFinder-CourtFinderUITests.release.xcconfig"; path = "Target Support Files/Pods-CourtFinder-CourtFinderUITests/Pods-CourtFinder-CourtFinderUITests.release.xcconfig"; sourceTree = "<group>"; };
		DA3F0E07CA8370EA00FC7492 /* Pods-CourtFinder.debug.xcconfig */ = {isa = PBXFileReference; includeInIndex = 1; lastKnownFileType = text.xcconfig; name = "Pods-CourtFinder.debug.xcconfig"; path = "Target Support Files/Pods-CourtFinder/Pods-CourtFinder.debug.xcconfig"; sourceTree = "<group>"; };
		FF9FC4D691A99536F733CA5E /* Pods-CourtFinder.release.xcconfig */ = {isa = PBXFileReference; includeInIndex = 1; lastKnownFileType = text.xcconfig; name = "Pods-CourtFinder.release.xcconfig"; path = "Target Support Files/Pods-CourtFinder/Pods-CourtFinder.release.xcconfig"; sourceTree = "<group>"; };
/* End PBXFileReference section */

/* Begin PBXFrameworksBuildPhase section */
		794F7188269CBB8700529339 /* Frameworks */ = {
			isa = PBXFrameworksBuildPhase;
			buildActionMask = 2147483647;
			files = (
				1DEF4A24B1CA0861A5A76D60 /* Pods_CourtFinder.framework in Frameworks */,
				79B6773826BADE4D0042931B /* AVKit.framework in Frameworks */,
				79B6773526BADC690042931B /* MobileCoreServices.framework in Frameworks */,
			);
			runOnlyForDeploymentPostprocessing = 0;
		};
		794F71A3269CBB8800529339 /* Frameworks */ = {
			isa = PBXFrameworksBuildPhase;
			buildActionMask = 2147483647;
			files = (
				098728FBD1351E33B8FFA261 /* Pods_CourtFinderTests.framework in Frameworks */,
			);
			runOnlyForDeploymentPostprocessing = 0;
		};
		794F71AE269CBB8800529339 /* Frameworks */ = {
			isa = PBXFrameworksBuildPhase;
			buildActionMask = 2147483647;
			files = (
				B90D590D03219CCEFAEF5BEF /* Pods_CourtFinder_CourtFinderUITests.framework in Frameworks */,
			);
			runOnlyForDeploymentPostprocessing = 0;
		};
/* End PBXFrameworksBuildPhase section */

/* Begin PBXGroup section */
		7874165C39335AD612B83C45 /* Frameworks */ = {
			isa = PBXGroup;
			children = (
				79B6773726BADE4D0042931B /* AVKit.framework */,
				79B6773326BADB600042931B /* MediaPlayer.framework */,
				79F9209326B9D09200F34327 /* MobileCoreServices.framework */,
				5B7FA35AA86CE0F27B0C58E4 /* Pods_CourtFinder.framework */,
				398DBE597A37800C84D92D94 /* Pods_CourtFinder_CourtFinderUITests.framework */,
				5D667A277B6EB1F5A1C206B6 /* Pods_CourtFinderTests.framework */,
			);
			name = Frameworks;
			sourceTree = "<group>";
		};
		794F7182269CBB8700529339 = {
			isa = PBXGroup;
			children = (
				7977F01226B34C8300930037 /* lottie-baseketball.json */,
				794F718D269CBB8700529339 /* CourtFinder */,
				794F71A9269CBB8800529339 /* CourtFinderTests */,
				794F71B4269CBB8800529339 /* CourtFinderUITests */,
				794F718C269CBB8700529339 /* Products */,
				AD07D18693E601AF1CC5EB21 /* Pods */,
				7874165C39335AD612B83C45 /* Frameworks */,
			);
			sourceTree = "<group>";
		};
		794F718C269CBB8700529339 /* Products */ = {
			isa = PBXGroup;
			children = (
				794F718B269CBB8700529339 /* CourtFinder.app */,
				794F71A6269CBB8800529339 /* CourtFinderTests.xctest */,
				794F71B1269CBB8800529339 /* CourtFinderUITests.xctest */,
			);
			name = Products;
			sourceTree = "<group>";
		};
		794F718D269CBB8700529339 /* CourtFinder */ = {
			isa = PBXGroup;
			children = (
				7986492D26A611920047D60E /* Misc */,
				79F7787B269E2EE0000814E4 /* API */,
				79F77861269CC3ED000814E4 /* Views */,
				79F77860269CC3E4000814E4 /* Models */,
				79F7785F269CC3D5000814E4 /* ViewControllers */,
				794F718E269CBB8700529339 /* AppDelegate.h */,
				794F718F269CBB8700529339 /* AppDelegate.m */,
				794F7191269CBB8700529339 /* SceneDelegate.h */,
				794F7192269CBB8700529339 /* SceneDelegate.m */,
				794F7194269CBB8700529339 /* ViewController.h */,
				794F7195269CBB8700529339 /* ViewController.m */,
				794F7197269CBB8700529339 /* Main.storyboard */,
				794F719A269CBB8800529339 /* Assets.xcassets */,
				794F719C269CBB8800529339 /* LaunchScreen.storyboard */,
				794F719F269CBB8800529339 /* Info.plist */,
				794F71A0269CBB8800529339 /* main.m */,
				793F7D7626B4563C000998EC /* Keys.plist */,
			);
			path = CourtFinder;
			sourceTree = "<group>";
		};
		794F71A9269CBB8800529339 /* CourtFinderTests */ = {
			isa = PBXGroup;
			children = (
				794F71AA269CBB8800529339 /* CourtFinderTests.m */,
				794F71AC269CBB8800529339 /* Info.plist */,
			);
			path = CourtFinderTests;
			sourceTree = "<group>";
		};
		794F71B4269CBB8800529339 /* CourtFinderUITests */ = {
			isa = PBXGroup;
			children = (
				794F71B5269CBB8800529339 /* CourtFinderUITests.m */,
				794F71B7269CBB8800529339 /* Info.plist */,
			);
			path = CourtFinderUITests;
			sourceTree = "<group>";
		};
		7986492D26A611920047D60E /* Misc */ = {
			isa = PBXGroup;
			children = (
				79F7786B269CDF29000814E4 /* Alert.h */,
				79F7786C269CDF29000814E4 /* Alert.m */,
				7986492E26A611B10047D60E /* Formatter.h */,
				7986492F26A611B10047D60E /* Formatter.m */,
			);
			path = Misc;
			sourceTree = "<group>";
		};
		79F7785F269CC3D5000814E4 /* ViewControllers */ = {
			isa = PBXGroup;
			children = (
				79F77862269CC40A000814E4 /* LoginViewController.h */,
				79F77863269CC40A000814E4 /* LoginViewController.m */,
				79F77865269CC418000814E4 /* SignUpViewController.h */,
				79F77866269CC418000814E4 /* SignUpViewController.m */,
				79F7786E269D0D58000814E4 /* CourtsViewController.h */,
				79F7786F269D0D58000814E4 /* CourtsViewController.m */,
				79F77871269DE71F000814E4 /* SettingsScreenViewController.h */,
				79F77872269DE71F000814E4 /* SettingsScreenViewController.m */,
				791EB27C26A2350A00344C20 /* CourtDetailViewController.h */,
				791EB27D26A2350A00344C20 /* CourtDetailViewController.m */,
				7986493126A742BE0047D60E /* FullScreenImagesViewController.h */,
				7986493226A742BE0047D60E /* FullScreenImagesViewController.m */,
				79F9209026B9CE7900F34327 /* HighlightsViewController.h */,
				79F9209126B9CE7900F34327 /* HighlightsViewController.m */,
			);
			path = ViewControllers;
			sourceTree = "<group>";
		};
		79F77860269CC3E4000814E4 /* Models */ = {
			isa = PBXGroup;
			children = (
				79F77877269E14FF000814E4 /* Court.h */,
				79F77878269E14FF000814E4 /* Court.m */,
				7986493926A9A9A30047D60E /* CourtUsersUpdates.h */,
				7986493A26A9A9A30047D60E /* CourtUsersUpdates.m */,
				79CF8D6F26B0B745002DDD9C /* OptIn.h */,
				79CF8D7026B0B745002DDD9C /* OptIn.m */,
				79721CA526B9E4890092A63B /* Highlight.h */,
				79721CA626B9E4890092A63B /* Highlight.m */,
			);
			path = Models;
			sourceTree = "<group>";
		};
		79F77861269CC3ED000814E4 /* Views */ = {
			isa = PBXGroup;
			children = (
				79F77874269DF061000814E4 /* CourtCell.h */,
				79F77875269DF061000814E4 /* CourtCell.m */,
				7955AB6F26BB458E0077684D /* HighlightCell.h */,
				7955AB7026BB458E0077684D /* HighlightCell.m */,
			);
			path = Views;
			sourceTree = "<group>";
		};
		79F7787B269E2EE0000814E4 /* API */ = {
			isa = PBXGroup;
			children = (
				79F7787C269E2EFE000814E4 /* GoogleMapsAPI.h */,
				79F7787D269E2EFE000814E4 /* GoogleMapsAPI.m */,
			);
			path = API;
			sourceTree = "<group>";
		};
		AD07D18693E601AF1CC5EB21 /* Pods */ = {
			isa = PBXGroup;
			children = (
				DA3F0E07CA8370EA00FC7492 /* Pods-CourtFinder.debug.xcconfig */,
				FF9FC4D691A99536F733CA5E /* Pods-CourtFinder.release.xcconfig */,
				0B6F5D02A243425DC8FAEF5A /* Pods-CourtFinder-CourtFinderUITests.debug.xcconfig */,
				A1A88E80A9C537756766ABE0 /* Pods-CourtFinder-CourtFinderUITests.release.xcconfig */,
				50F90708AFEC24C9279329DE /* Pods-CourtFinderTests.debug.xcconfig */,
				203746D3BAF27C345CEB0D6A /* Pods-CourtFinderTests.release.xcconfig */,
			);
			path = Pods;
			sourceTree = "<group>";
		};
/* End PBXGroup section */

/* Begin PBXNativeTarget section */
		794F718A269CBB8700529339 /* CourtFinder */ = {
			isa = PBXNativeTarget;
			buildConfigurationList = 794F71BA269CBB8800529339 /* Build configuration list for PBXNativeTarget "CourtFinder" */;
			buildPhases = (
				6C071C916022983E27580294 /* [CP] Check Pods Manifest.lock */,
				794F7187269CBB8700529339 /* Sources */,
				794F7188269CBB8700529339 /* Frameworks */,
				794F7189269CBB8700529339 /* Resources */,
				AB402DB17CDDD5708BFE0DDE /* [CP] Embed Pods Frameworks */,
				E3A3833CCE196408DD3818D8 /* [CP] Copy Pods Resources */,
			);
			buildRules = (
			);
			dependencies = (
			);
			name = CourtFinder;
			productName = CourtFinder;
			productReference = 794F718B269CBB8700529339 /* CourtFinder.app */;
			productType = "com.apple.product-type.application";
		};
		794F71A5269CBB8800529339 /* CourtFinderTests */ = {
			isa = PBXNativeTarget;
			buildConfigurationList = 794F71BD269CBB8800529339 /* Build configuration list for PBXNativeTarget "CourtFinderTests" */;
			buildPhases = (
				49E27B1DA4AB05A00558EC6A /* [CP] Check Pods Manifest.lock */,
				794F71A2269CBB8800529339 /* Sources */,
				794F71A3269CBB8800529339 /* Frameworks */,
				794F71A4269CBB8800529339 /* Resources */,
			);
			buildRules = (
			);
			dependencies = (
				794F71A8269CBB8800529339 /* PBXTargetDependency */,
			);
			name = CourtFinderTests;
			productName = CourtFinderTests;
			productReference = 794F71A6269CBB8800529339 /* CourtFinderTests.xctest */;
			productType = "com.apple.product-type.bundle.unit-test";
		};
		794F71B0269CBB8800529339 /* CourtFinderUITests */ = {
			isa = PBXNativeTarget;
			buildConfigurationList = 794F71C0269CBB8800529339 /* Build configuration list for PBXNativeTarget "CourtFinderUITests" */;
			buildPhases = (
				9FEAE8FDB26691ECAF71EBF9 /* [CP] Check Pods Manifest.lock */,
				794F71AD269CBB8800529339 /* Sources */,
				794F71AE269CBB8800529339 /* Frameworks */,
				794F71AF269CBB8800529339 /* Resources */,
				2DCC1D0A170741F3F1CEAD34 /* [CP] Embed Pods Frameworks */,
				C1BAD38453518485BC1CE69B /* [CP] Copy Pods Resources */,
			);
			buildRules = (
			);
			dependencies = (
				794F71B3269CBB8800529339 /* PBXTargetDependency */,
			);
			name = CourtFinderUITests;
			productName = CourtFinderUITests;
			productReference = 794F71B1269CBB8800529339 /* CourtFinderUITests.xctest */;
			productType = "com.apple.product-type.bundle.ui-testing";
		};
/* End PBXNativeTarget section */

/* Begin PBXProject section */
		794F7183269CBB8700529339 /* Project object */ = {
			isa = PBXProject;
			attributes = {
				LastUpgradeCheck = 1250;
				TargetAttributes = {
					794F718A269CBB8700529339 = {
						CreatedOnToolsVersion = 12.5.1;
					};
					794F71A5269CBB8800529339 = {
						CreatedOnToolsVersion = 12.5.1;
						TestTargetID = 794F718A269CBB8700529339;
					};
					794F71B0269CBB8800529339 = {
						CreatedOnToolsVersion = 12.5.1;
						TestTargetID = 794F718A269CBB8700529339;
					};
				};
			};
			buildConfigurationList = 794F7186269CBB8700529339 /* Build configuration list for PBXProject "CourtFinder" */;
			compatibilityVersion = "Xcode 9.3";
			developmentRegion = en;
			hasScannedForEncodings = 0;
			knownRegions = (
				en,
				Base,
			);
			mainGroup = 794F7182269CBB8700529339;
			productRefGroup = 794F718C269CBB8700529339 /* Products */;
			projectDirPath = "";
			projectRoot = "";
			targets = (
				794F718A269CBB8700529339 /* CourtFinder */,
				794F71A5269CBB8800529339 /* CourtFinderTests */,
				794F71B0269CBB8800529339 /* CourtFinderUITests */,
			);
		};
/* End PBXProject section */

/* Begin PBXResourcesBuildPhase section */
		794F7189269CBB8700529339 /* Resources */ = {
			isa = PBXResourcesBuildPhase;
			buildActionMask = 2147483647;
			files = (
				794F719E269CBB8800529339 /* LaunchScreen.storyboard in Resources */,
				794F719B269CBB8800529339 /* Assets.xcassets in Resources */,
				794F7199269CBB8700529339 /* Main.storyboard in Resources */,
				7977F01326B34C8300930037 /* lottie-baseketball.json in Resources */,
				793F7D7726B4563C000998EC /* Keys.plist in Resources */,
			);
			runOnlyForDeploymentPostprocessing = 0;
		};
		794F71A4269CBB8800529339 /* Resources */ = {
			isa = PBXResourcesBuildPhase;
			buildActionMask = 2147483647;
			files = (
			);
			runOnlyForDeploymentPostprocessing = 0;
		};
		794F71AF269CBB8800529339 /* Resources */ = {
			isa = PBXResourcesBuildPhase;
			buildActionMask = 2147483647;
			files = (
			);
			runOnlyForDeploymentPostprocessing = 0;
		};
/* End PBXResourcesBuildPhase section */

/* Begin PBXShellScriptBuildPhase section */
		2DCC1D0A170741F3F1CEAD34 /* [CP] Embed Pods Frameworks */ = {
			isa = PBXShellScriptBuildPhase;
			buildActionMask = 2147483647;
			files = (
			);
			inputFileListPaths = (
				"${PODS_ROOT}/Target Support Files/Pods-CourtFinder-CourtFinderUITests/Pods-CourtFinder-CourtFinderUITests-frameworks-${CONFIGURATION}-input-files.xcfilelist",
			);
			name = "[CP] Embed Pods Frameworks";
			outputFileListPaths = (
				"${PODS_ROOT}/Target Support Files/Pods-CourtFinder-CourtFinderUITests/Pods-CourtFinder-CourtFinderUITests-frameworks-${CONFIGURATION}-output-files.xcfilelist",
			);
			runOnlyForDeploymentPostprocessing = 0;
			shellPath = /bin/sh;
			shellScript = "\"${PODS_ROOT}/Target Support Files/Pods-CourtFinder-CourtFinderUITests/Pods-CourtFinder-CourtFinderUITests-frameworks.sh\"\n";
			showEnvVarsInLog = 0;
		};
		49E27B1DA4AB05A00558EC6A /* [CP] Check Pods Manifest.lock */ = {
			isa = PBXShellScriptBuildPhase;
			buildActionMask = 2147483647;
			files = (
			);
			inputFileListPaths = (
			);
			inputPaths = (
				"${PODS_PODFILE_DIR_PATH}/Podfile.lock",
				"${PODS_ROOT}/Manifest.lock",
			);
			name = "[CP] Check Pods Manifest.lock";
			outputFileListPaths = (
			);
			outputPaths = (
				"$(DERIVED_FILE_DIR)/Pods-CourtFinderTests-checkManifestLockResult.txt",
			);
			runOnlyForDeploymentPostprocessing = 0;
			shellPath = /bin/sh;
			shellScript = "diff \"${PODS_PODFILE_DIR_PATH}/Podfile.lock\" \"${PODS_ROOT}/Manifest.lock\" > /dev/null\nif [ $? != 0 ] ; then\n    # print error to STDERR\n    echo \"error: The sandbox is not in sync with the Podfile.lock. Run 'pod install' or update your CocoaPods installation.\" >&2\n    exit 1\nfi\n# This output is used by Xcode 'outputs' to avoid re-running this script phase.\necho \"SUCCESS\" > \"${SCRIPT_OUTPUT_FILE_0}\"\n";
			showEnvVarsInLog = 0;
		};
		6C071C916022983E27580294 /* [CP] Check Pods Manifest.lock */ = {
			isa = PBXShellScriptBuildPhase;
			buildActionMask = 2147483647;
			files = (
			);
			inputFileListPaths = (
			);
			inputPaths = (
				"${PODS_PODFILE_DIR_PATH}/Podfile.lock",
				"${PODS_ROOT}/Manifest.lock",
			);
			name = "[CP] Check Pods Manifest.lock";
			outputFileListPaths = (
			);
			outputPaths = (
				"$(DERIVED_FILE_DIR)/Pods-CourtFinder-checkManifestLockResult.txt",
			);
			runOnlyForDeploymentPostprocessing = 0;
			shellPath = /bin/sh;
			shellScript = "diff \"${PODS_PODFILE_DIR_PATH}/Podfile.lock\" \"${PODS_ROOT}/Manifest.lock\" > /dev/null\nif [ $? != 0 ] ; then\n    # print error to STDERR\n    echo \"error: The sandbox is not in sync with the Podfile.lock. Run 'pod install' or update your CocoaPods installation.\" >&2\n    exit 1\nfi\n# This output is used by Xcode 'outputs' to avoid re-running this script phase.\necho \"SUCCESS\" > \"${SCRIPT_OUTPUT_FILE_0}\"\n";
			showEnvVarsInLog = 0;
		};
		9FEAE8FDB26691ECAF71EBF9 /* [CP] Check Pods Manifest.lock */ = {
			isa = PBXShellScriptBuildPhase;
			buildActionMask = 2147483647;
			files = (
			);
			inputFileListPaths = (
			);
			inputPaths = (
				"${PODS_PODFILE_DIR_PATH}/Podfile.lock",
				"${PODS_ROOT}/Manifest.lock",
			);
			name = "[CP] Check Pods Manifest.lock";
			outputFileListPaths = (
			);
			outputPaths = (
				"$(DERIVED_FILE_DIR)/Pods-CourtFinder-CourtFinderUITests-checkManifestLockResult.txt",
			);
			runOnlyForDeploymentPostprocessing = 0;
			shellPath = /bin/sh;
			shellScript = "diff \"${PODS_PODFILE_DIR_PATH}/Podfile.lock\" \"${PODS_ROOT}/Manifest.lock\" > /dev/null\nif [ $? != 0 ] ; then\n    # print error to STDERR\n    echo \"error: The sandbox is not in sync with the Podfile.lock. Run 'pod install' or update your CocoaPods installation.\" >&2\n    exit 1\nfi\n# This output is used by Xcode 'outputs' to avoid re-running this script phase.\necho \"SUCCESS\" > \"${SCRIPT_OUTPUT_FILE_0}\"\n";
			showEnvVarsInLog = 0;
		};
		AB402DB17CDDD5708BFE0DDE /* [CP] Embed Pods Frameworks */ = {
			isa = PBXShellScriptBuildPhase;
			buildActionMask = 2147483647;
			files = (
			);
			inputFileListPaths = (
				"${PODS_ROOT}/Target Support Files/Pods-CourtFinder/Pods-CourtFinder-frameworks-${CONFIGURATION}-input-files.xcfilelist",
			);
			name = "[CP] Embed Pods Frameworks";
			outputFileListPaths = (
				"${PODS_ROOT}/Target Support Files/Pods-CourtFinder/Pods-CourtFinder-frameworks-${CONFIGURATION}-output-files.xcfilelist",
			);
			runOnlyForDeploymentPostprocessing = 0;
			shellPath = /bin/sh;
			shellScript = "\"${PODS_ROOT}/Target Support Files/Pods-CourtFinder/Pods-CourtFinder-frameworks.sh\"\n";
			showEnvVarsInLog = 0;
		};
		C1BAD38453518485BC1CE69B /* [CP] Copy Pods Resources */ = {
			isa = PBXShellScriptBuildPhase;
			buildActionMask = 2147483647;
			files = (
			);
			inputFileListPaths = (
				"${PODS_ROOT}/Target Support Files/Pods-CourtFinder-CourtFinderUITests/Pods-CourtFinder-CourtFinderUITests-resources-${CONFIGURATION}-input-files.xcfilelist",
			);
			name = "[CP] Copy Pods Resources";
			outputFileListPaths = (
				"${PODS_ROOT}/Target Support Files/Pods-CourtFinder-CourtFinderUITests/Pods-CourtFinder-CourtFinderUITests-resources-${CONFIGURATION}-output-files.xcfilelist",
			);
			runOnlyForDeploymentPostprocessing = 0;
			shellPath = /bin/sh;
			shellScript = "\"${PODS_ROOT}/Target Support Files/Pods-CourtFinder-CourtFinderUITests/Pods-CourtFinder-CourtFinderUITests-resources.sh\"\n";
			showEnvVarsInLog = 0;
		};
		E3A3833CCE196408DD3818D8 /* [CP] Copy Pods Resources */ = {
			isa = PBXShellScriptBuildPhase;
			buildActionMask = 2147483647;
			files = (
			);
			inputFileListPaths = (
				"${PODS_ROOT}/Target Support Files/Pods-CourtFinder/Pods-CourtFinder-resources-${CONFIGURATION}-input-files.xcfilelist",
			);
			name = "[CP] Copy Pods Resources";
			outputFileListPaths = (
				"${PODS_ROOT}/Target Support Files/Pods-CourtFinder/Pods-CourtFinder-resources-${CONFIGURATION}-output-files.xcfilelist",
			);
			runOnlyForDeploymentPostprocessing = 0;
			shellPath = /bin/sh;
			shellScript = "\"${PODS_ROOT}/Target Support Files/Pods-CourtFinder/Pods-CourtFinder-resources.sh\"\n";
			showEnvVarsInLog = 0;
		};
/* End PBXShellScriptBuildPhase section */

/* Begin PBXSourcesBuildPhase section */
		794F7187269CBB8700529339 /* Sources */ = {
			isa = PBXSourcesBuildPhase;
			buildActionMask = 2147483647;
			files = (
				7986493B26A9A9A30047D60E /* CourtUsersUpdates.m in Sources */,
				79F77879269E14FF000814E4 /* Court.m in Sources */,
				79F77870269D0D58000814E4 /* CourtsViewController.m in Sources */,
				794F7196269CBB8700529339 /* ViewController.m in Sources */,
				7986493326A742BE0047D60E /* FullScreenImagesViewController.m in Sources */,
				79721CA726B9E4890092A63B /* Highlight.m in Sources */,
				7955AB7126BB458E0077684D /* HighlightCell.m in Sources */,
				794F7190269CBB8700529339 /* AppDelegate.m in Sources */,
				79CF8D7126B0B745002DDD9C /* OptIn.m in Sources */,
				7986493026A611B10047D60E /* Formatter.m in Sources */,
				79F77876269DF061000814E4 /* CourtCell.m in Sources */,
				79F77873269DE71F000814E4 /* SettingsScreenViewController.m in Sources */,
				791EB27E26A2350A00344C20 /* CourtDetailViewController.m in Sources */,
				79F7787E269E2EFE000814E4 /* GoogleMapsAPI.m in Sources */,
				79F7786D269CDF29000814E4 /* Alert.m in Sources */,
				79F77867269CC418000814E4 /* SignUpViewController.m in Sources */,
				794F71A1269CBB8800529339 /* main.m in Sources */,
				79F9209226B9CE7900F34327 /* HighlightsViewController.m in Sources */,
				794F7193269CBB8700529339 /* SceneDelegate.m in Sources */,
				79F77864269CC40A000814E4 /* LoginViewController.m in Sources */,
			);
			runOnlyForDeploymentPostprocessing = 0;
		};
		794F71A2269CBB8800529339 /* Sources */ = {
			isa = PBXSourcesBuildPhase;
			buildActionMask = 2147483647;
			files = (
				794F71AB269CBB8800529339 /* CourtFinderTests.m in Sources */,
			);
			runOnlyForDeploymentPostprocessing = 0;
		};
		794F71AD269CBB8800529339 /* Sources */ = {
			isa = PBXSourcesBuildPhase;
			buildActionMask = 2147483647;
			files = (
				794F71B6269CBB8800529339 /* CourtFinderUITests.m in Sources */,
			);
			runOnlyForDeploymentPostprocessing = 0;
		};
/* End PBXSourcesBuildPhase section */

/* Begin PBXTargetDependency section */
		794F71A8269CBB8800529339 /* PBXTargetDependency */ = {
			isa = PBXTargetDependency;
			target = 794F718A269CBB8700529339 /* CourtFinder */;
			targetProxy = 794F71A7269CBB8800529339 /* PBXContainerItemProxy */;
		};
		794F71B3269CBB8800529339 /* PBXTargetDependency */ = {
			isa = PBXTargetDependency;
			target = 794F718A269CBB8700529339 /* CourtFinder */;
			targetProxy = 794F71B2269CBB8800529339 /* PBXContainerItemProxy */;
		};
/* End PBXTargetDependency section */

/* Begin PBXVariantGroup section */
		794F7197269CBB8700529339 /* Main.storyboard */ = {
			isa = PBXVariantGroup;
			children = (
				794F7198269CBB8700529339 /* Base */,
			);
			name = Main.storyboard;
			sourceTree = "<group>";
		};
		794F719C269CBB8800529339 /* LaunchScreen.storyboard */ = {
			isa = PBXVariantGroup;
			children = (
				794F719D269CBB8800529339 /* Base */,
			);
			name = LaunchScreen.storyboard;
			sourceTree = "<group>";
		};
/* End PBXVariantGroup section */

/* Begin XCBuildConfiguration section */
		794F71B8269CBB8800529339 /* Debug */ = {
			isa = XCBuildConfiguration;
			buildSettings = {
				ALWAYS_SEARCH_USER_PATHS = NO;
				CLANG_ANALYZER_NONNULL = YES;
				CLANG_ANALYZER_NUMBER_OBJECT_CONVERSION = YES_AGGRESSIVE;
				CLANG_CXX_LANGUAGE_STANDARD = "gnu++14";
				CLANG_CXX_LIBRARY = "libc++";
				CLANG_ENABLE_MODULES = YES;
				CLANG_ENABLE_OBJC_ARC = YES;
				CLANG_ENABLE_OBJC_WEAK = YES;
				CLANG_WARN_BLOCK_CAPTURE_AUTORELEASING = YES;
				CLANG_WARN_BOOL_CONVERSION = YES;
				CLANG_WARN_COMMA = YES;
				CLANG_WARN_CONSTANT_CONVERSION = YES;
				CLANG_WARN_DEPRECATED_OBJC_IMPLEMENTATIONS = YES;
				CLANG_WARN_DIRECT_OBJC_ISA_USAGE = YES_ERROR;
				CLANG_WARN_DOCUMENTATION_COMMENTS = YES;
				CLANG_WARN_EMPTY_BODY = YES;
				CLANG_WARN_ENUM_CONVERSION = YES;
				CLANG_WARN_INFINITE_RECURSION = YES;
				CLANG_WARN_INT_CONVERSION = YES;
				CLANG_WARN_NON_LITERAL_NULL_CONVERSION = YES;
				CLANG_WARN_OBJC_IMPLICIT_RETAIN_SELF = YES;
				CLANG_WARN_OBJC_LITERAL_CONVERSION = YES;
				CLANG_WARN_OBJC_ROOT_CLASS = YES_ERROR;
				CLANG_WARN_QUOTED_INCLUDE_IN_FRAMEWORK_HEADER = YES;
				CLANG_WARN_RANGE_LOOP_ANALYSIS = YES;
				CLANG_WARN_STRICT_PROTOTYPES = YES;
				CLANG_WARN_SUSPICIOUS_MOVE = YES;
				CLANG_WARN_UNGUARDED_AVAILABILITY = YES_AGGRESSIVE;
				CLANG_WARN_UNREACHABLE_CODE = YES;
				CLANG_WARN__DUPLICATE_METHOD_MATCH = YES;
				COPY_PHASE_STRIP = NO;
				DEBUG_INFORMATION_FORMAT = dwarf;
				ENABLE_STRICT_OBJC_MSGSEND = YES;
				ENABLE_TESTABILITY = YES;
				GCC_C_LANGUAGE_STANDARD = gnu11;
				GCC_DYNAMIC_NO_PIC = NO;
				GCC_NO_COMMON_BLOCKS = YES;
				GCC_OPTIMIZATION_LEVEL = 0;
				GCC_PREPROCESSOR_DEFINITIONS = (
					"DEBUG=1",
					"$(inherited)",
				);
				GCC_WARN_64_TO_32_BIT_CONVERSION = YES;
				GCC_WARN_ABOUT_RETURN_TYPE = YES_ERROR;
				GCC_WARN_UNDECLARED_SELECTOR = YES;
				GCC_WARN_UNINITIALIZED_AUTOS = YES_AGGRESSIVE;
				GCC_WARN_UNUSED_FUNCTION = YES;
				GCC_WARN_UNUSED_VARIABLE = YES;
				IPHONEOS_DEPLOYMENT_TARGET = 14.5;
				MTL_ENABLE_DEBUG_INFO = INCLUDE_SOURCE;
				MTL_FAST_MATH = YES;
				ONLY_ACTIVE_ARCH = YES;
				SDKROOT = iphoneos;
			};
			name = Debug;
		};
		794F71B9269CBB8800529339 /* Release */ = {
			isa = XCBuildConfiguration;
			buildSettings = {
				ALWAYS_SEARCH_USER_PATHS = NO;
				CLANG_ANALYZER_NONNULL = YES;
				CLANG_ANALYZER_NUMBER_OBJECT_CONVERSION = YES_AGGRESSIVE;
				CLANG_CXX_LANGUAGE_STANDARD = "gnu++14";
				CLANG_CXX_LIBRARY = "libc++";
				CLANG_ENABLE_MODULES = YES;
				CLANG_ENABLE_OBJC_ARC = YES;
				CLANG_ENABLE_OBJC_WEAK = YES;
				CLANG_WARN_BLOCK_CAPTURE_AUTORELEASING = YES;
				CLANG_WARN_BOOL_CONVERSION = YES;
				CLANG_WARN_COMMA = YES;
				CLANG_WARN_CONSTANT_CONVERSION = YES;
				CLANG_WARN_DEPRECATED_OBJC_IMPLEMENTATIONS = YES;
				CLANG_WARN_DIRECT_OBJC_ISA_USAGE = YES_ERROR;
				CLANG_WARN_DOCUMENTATION_COMMENTS = YES;
				CLANG_WARN_EMPTY_BODY = YES;
				CLANG_WARN_ENUM_CONVERSION = YES;
				CLANG_WARN_INFINITE_RECURSION = YES;
				CLANG_WARN_INT_CONVERSION = YES;
				CLANG_WARN_NON_LITERAL_NULL_CONVERSION = YES;
				CLANG_WARN_OBJC_IMPLICIT_RETAIN_SELF = YES;
				CLANG_WARN_OBJC_LITERAL_CONVERSION = YES;
				CLANG_WARN_OBJC_ROOT_CLASS = YES_ERROR;
				CLANG_WARN_QUOTED_INCLUDE_IN_FRAMEWORK_HEADER = YES;
				CLANG_WARN_RANGE_LOOP_ANALYSIS = YES;
				CLANG_WARN_STRICT_PROTOTYPES = YES;
				CLANG_WARN_SUSPICIOUS_MOVE = YES;
				CLANG_WARN_UNGUARDED_AVAILABILITY = YES_AGGRESSIVE;
				CLANG_WARN_UNREACHABLE_CODE = YES;
				CLANG_WARN__DUPLICATE_METHOD_MATCH = YES;
				COPY_PHASE_STRIP = NO;
				DEBUG_INFORMATION_FORMAT = "dwarf-with-dsym";
				ENABLE_NS_ASSERTIONS = NO;
				ENABLE_STRICT_OBJC_MSGSEND = YES;
				GCC_C_LANGUAGE_STANDARD = gnu11;
				GCC_NO_COMMON_BLOCKS = YES;
				GCC_WARN_64_TO_32_BIT_CONVERSION = YES;
				GCC_WARN_ABOUT_RETURN_TYPE = YES_ERROR;
				GCC_WARN_UNDECLARED_SELECTOR = YES;
				GCC_WARN_UNINITIALIZED_AUTOS = YES_AGGRESSIVE;
				GCC_WARN_UNUSED_FUNCTION = YES;
				GCC_WARN_UNUSED_VARIABLE = YES;
				IPHONEOS_DEPLOYMENT_TARGET = 14.5;
				MTL_ENABLE_DEBUG_INFO = NO;
				MTL_FAST_MATH = YES;
				SDKROOT = iphoneos;
				VALIDATE_PRODUCT = YES;
			};
			name = Release;
		};
		794F71BB269CBB8800529339 /* Debug */ = {
			isa = XCBuildConfiguration;
			baseConfigurationReference = DA3F0E07CA8370EA00FC7492 /* Pods-CourtFinder.debug.xcconfig */;
			buildSettings = {
				ASSETCATALOG_COMPILER_APPICON_NAME = AppIcon;
				ASSETCATALOG_COMPILER_GLOBAL_ACCENT_COLOR_NAME = AccentColor;
				CODE_SIGN_STYLE = Automatic;
				DEVELOPMENT_TEAM = M4MDH6LB49;
				INFOPLIST_FILE = CourtFinder/Info.plist;
				LD_RUNPATH_SEARCH_PATHS = (
					"$(inherited)",
					"@executable_path/Frameworks",
				);
				PRODUCT_BUNDLE_IDENTIFIER = com.facebook.CourtFinder;
				PRODUCT_NAME = "$(TARGET_NAME)";
				TARGETED_DEVICE_FAMILY = "1,2";
			};
			name = Debug;
		};
		794F71BC269CBB8800529339 /* Release */ = {
			isa = XCBuildConfiguration;
			baseConfigurationReference = FF9FC4D691A99536F733CA5E /* Pods-CourtFinder.release.xcconfig */;
			buildSettings = {
				ASSETCATALOG_COMPILER_APPICON_NAME = AppIcon;
				ASSETCATALOG_COMPILER_GLOBAL_ACCENT_COLOR_NAME = AccentColor;
				CODE_SIGN_STYLE = Automatic;
				DEVELOPMENT_TEAM = M4MDH6LB49;
				INFOPLIST_FILE = CourtFinder/Info.plist;
				LD_RUNPATH_SEARCH_PATHS = (
					"$(inherited)",
					"@executable_path/Frameworks",
				);
				PRODUCT_BUNDLE_IDENTIFIER = com.facebook.CourtFinder;
				PRODUCT_NAME = "$(TARGET_NAME)";
				TARGETED_DEVICE_FAMILY = "1,2";
			};
			name = Release;
		};
		794F71BE269CBB8800529339 /* Debug */ = {
			isa = XCBuildConfiguration;
			baseConfigurationReference = 50F90708AFEC24C9279329DE /* Pods-CourtFinderTests.debug.xcconfig */;
			buildSettings = {
				BUNDLE_LOADER = "$(TEST_HOST)";
				CODE_SIGN_STYLE = Automatic;
				DEVELOPMENT_TEAM = M4MDH6LB49;
				INFOPLIST_FILE = CourtFinderTests/Info.plist;
				IPHONEOS_DEPLOYMENT_TARGET = 14.5;
				LD_RUNPATH_SEARCH_PATHS = (
					"$(inherited)",
					"@executable_path/Frameworks",
					"@loader_path/Frameworks",
				);
				PRODUCT_BUNDLE_IDENTIFIER = com.facebook.CourtFinderTests;
				PRODUCT_NAME = "$(TARGET_NAME)";
				TARGETED_DEVICE_FAMILY = "1,2";
				TEST_HOST = "$(BUILT_PRODUCTS_DIR)/CourtFinder.app/CourtFinder";
			};
			name = Debug;
		};
		794F71BF269CBB8800529339 /* Release */ = {
			isa = XCBuildConfiguration;
			baseConfigurationReference = 203746D3BAF27C345CEB0D6A /* Pods-CourtFinderTests.release.xcconfig */;
			buildSettings = {
				BUNDLE_LOADER = "$(TEST_HOST)";
				CODE_SIGN_STYLE = Automatic;
				DEVELOPMENT_TEAM = M4MDH6LB49;
				INFOPLIST_FILE = CourtFinderTests/Info.plist;
				IPHONEOS_DEPLOYMENT_TARGET = 14.5;
				LD_RUNPATH_SEARCH_PATHS = (
					"$(inherited)",
					"@executable_path/Frameworks",
					"@loader_path/Frameworks",
				);
				PRODUCT_BUNDLE_IDENTIFIER = com.facebook.CourtFinderTests;
				PRODUCT_NAME = "$(TARGET_NAME)";
				TARGETED_DEVICE_FAMILY = "1,2";
				TEST_HOST = "$(BUILT_PRODUCTS_DIR)/CourtFinder.app/CourtFinder";
			};
			name = Release;
		};
		794F71C1269CBB8800529339 /* Debug */ = {
			isa = XCBuildConfiguration;
			baseConfigurationReference = 0B6F5D02A243425DC8FAEF5A /* Pods-CourtFinder-CourtFinderUITests.debug.xcconfig */;
			buildSettings = {
				CODE_SIGN_STYLE = Automatic;
				DEVELOPMENT_TEAM = M4MDH6LB49;
				INFOPLIST_FILE = CourtFinderUITests/Info.plist;
				LD_RUNPATH_SEARCH_PATHS = (
					"$(inherited)",
					"@executable_path/Frameworks",
					"@loader_path/Frameworks",
				);
				PRODUCT_BUNDLE_IDENTIFIER = com.facebook.CourtFinderUITests;
				PRODUCT_NAME = "$(TARGET_NAME)";
				TARGETED_DEVICE_FAMILY = "1,2";
				TEST_TARGET_NAME = CourtFinder;
			};
			name = Debug;
		};
		794F71C2269CBB8800529339 /* Release */ = {
			isa = XCBuildConfiguration;
			baseConfigurationReference = A1A88E80A9C537756766ABE0 /* Pods-CourtFinder-CourtFinderUITests.release.xcconfig */;
			buildSettings = {
				CODE_SIGN_STYLE = Automatic;
				DEVELOPMENT_TEAM = M4MDH6LB49;
				INFOPLIST_FILE = CourtFinderUITests/Info.plist;
				LD_RUNPATH_SEARCH_PATHS = (
					"$(inherited)",
					"@executable_path/Frameworks",
					"@loader_path/Frameworks",
				);
				PRODUCT_BUNDLE_IDENTIFIER = com.facebook.CourtFinderUITests;
				PRODUCT_NAME = "$(TARGET_NAME)";
				TARGETED_DEVICE_FAMILY = "1,2";
				TEST_TARGET_NAME = CourtFinder;
			};
			name = Release;
		};
/* End XCBuildConfiguration section */

/* Begin XCConfigurationList section */
		794F7186269CBB8700529339 /* Build configuration list for PBXProject "CourtFinder" */ = {
			isa = XCConfigurationList;
			buildConfigurations = (
				794F71B8269CBB8800529339 /* Debug */,
				794F71B9269CBB8800529339 /* Release */,
			);
			defaultConfigurationIsVisible = 0;
			defaultConfigurationName = Release;
		};
		794F71BA269CBB8800529339 /* Build configuration list for PBXNativeTarget "CourtFinder" */ = {
			isa = XCConfigurationList;
			buildConfigurations = (
				794F71BB269CBB8800529339 /* Debug */,
				794F71BC269CBB8800529339 /* Release */,
			);
			defaultConfigurationIsVisible = 0;
			defaultConfigurationName = Release;
		};
		794F71BD269CBB8800529339 /* Build configuration list for PBXNativeTarget "CourtFinderTests" */ = {
			isa = XCConfigurationList;
			buildConfigurations = (
				794F71BE269CBB8800529339 /* Debug */,
				794F71BF269CBB8800529339 /* Release */,
			);
			defaultConfigurationIsVisible = 0;
			defaultConfigurationName = Release;
		};
		794F71C0269CBB8800529339 /* Build configuration list for PBXNativeTarget "CourtFinderUITests" */ = {
			isa = XCConfigurationList;
			buildConfigurations = (
				794F71C1269CBB8800529339 /* Debug */,
				794F71C2269CBB8800529339 /* Release */,
			);
			defaultConfigurationIsVisible = 0;
			defaultConfigurationName = Release;
		};
/* End XCConfigurationList section */
	};
	rootObject = 794F7183269CBB8700529339 /* Project object */;
}
